<?xml version="1.0" encoding="utf-8"?>
<Project ToolsVersion="4.0" xmlns="http://schemas.microsoft.com/developer/msbuild/2003">
  <ItemGroup>
    <Filter Include="Source Files">
      <UniqueIdentifier>{f33f3db1-bc4e-49c6-b33f-afe7b2893f5f}</UniqueIdentifier>
      <Extensions>cpp;c;cxx;rc;def;r;odl;idl;hpj;bat</Extensions>
    </Filter>
    <Filter Include="Header Files">
      <UniqueIdentifier>{098f122b-d659-499a-84b1-d42998897e65}</UniqueIdentifier>
      <Extensions>h;hpp;hxx;hm;inl</Extensions>
    </Filter>
    <Filter Include="Resource Files">
      <UniqueIdentifier>{8862a4f8-773c-4d61-bbdb-93221358853d}</UniqueIdentifier>
      <Extensions>ico;cur;bmp;dlg;rc2;rct;bin;rgs;gif;jpg;jpeg;jpe</Extensions>
    </Filter>
  </ItemGroup>
  <ItemGroup>
    <None Include="res\bitmap1.bmp">
      <Filter>Resource Files</Filter>
    </None>
    <None Include="res\OV Grid DLL.ico">
      <Filter>Resource Files</Filter>
    </None>
    <None Include="res\OV Grid DLL.rc2">
      <Filter>Resource Files</Filter>
    </None>
    <None Include="ReadMe.txt" />
  </ItemGroup>
  <ItemGroup>
    <ClInclude Include="Src\AnaliticalLinear.h">
      <Filter>Header Files</Filter>
    </ClInclude>
    <ClInclude Include="Src\AutoBoxDlg.h">
      <Filter>Header Files</Filter>
    </ClInclude>
    <ClInclude Include="Src\Basic2Phase.h">
      <Filter>Header Files</Filter>
    </ClInclude>
    <ClInclude Include="Src\BasicDlg.h">
      <Filter>Header Files</Filter>
    </ClInclude>
    <ClInclude Include="Src\BitmapEx.h">
      <Filter>Header Files</Filter>
    </ClInclude>
    <ClInclude Include="Src\BlockerDlg.h">
      <Filter>Header Files</Filter>
    </ClInclude>
    <ClInclude Include="Src\CaNaDlg.h">
      <Filter>Header Files</Filter>
    </ClInclude>
    <ClInclude Include="Src\CGraphLine.h">
      <Filter>Header Files</Filter>
    </ClInclude>
    <ClInclude Include="Src\CheckListBoxGraphs.h">
      <Filter>Header Files</Filter>
    </ClInclude>
    <ClInclude Include="Src\DiaEdgeConc.h">
      <Filter>Header Files</Filter>
    </ClInclude>
    <ClInclude Include="Src\EditSingleGrid.h">
      <Filter>Header Files</Filter>
    </ClInclude>
    <ClInclude Include="Src\FileNotOPenDlg.h">
      <Filter>Header Files</Filter>
    </ClInclude>
    <ClInclude Include="Src\GraphCtrl.h">
      <Filter>Header Files</Filter>
    </ClInclude>
    <ClInclude Include="Src\Graphics.h">
      <Filter>Header Files</Filter>
    </ClInclude>
    <ClInclude Include="Src\GraphicsBlock.h">
      <Filter>Header Files</Filter>
    </ClInclude>
    <ClInclude Include="Src\GraphParamDlg.h">
      <Filter>Header Files</Filter>
    </ClInclude>
    <ClInclude Include="Src\GraphXY.h">
      <Filter>Header Files</Filter>
    </ClInclude>
    <ClInclude Include="Src\HC.h">
      <Filter>Header Files</Filter>
    </ClInclude>
    <ClInclude Include="Src\Iso_Par_Dlg.h">
      <Filter>Header Files</Filter>
    </ClInclude>
    <ClInclude Include="Src\IsoMatchParDlg.h">
      <Filter>Header Files</Filter>
    </ClInclude>
    <ClInclude Include="Src\Isotherm.h">
      <Filter>Header Files</Filter>
    </ClInclude>
    <ClInclude Include="Src\IsothermDerivationGraph.h">
      <Filter>Header Files</Filter>
    </ClInclude>
    <ClInclude Include="Src\IsoThermFittingDlg.h">
      <Filter>Header Files</Filter>
    </ClInclude>
    <ClInclude Include="Src\JobsPool.h">
      <Filter>Header Files</Filter>
    </ClInclude>
    <ClInclude Include="Src\LayerProperties.h">
      <Filter>Header Files</Filter>
    </ClInclude>
    <ClInclude Include="Src\Model.h">
      <Filter>Header Files</Filter>
    </ClInclude>
    <ClInclude Include="Src\MutSolvDlg.h">
      <Filter>Header Files</Filter>
    </ClInclude>
    <ClInclude Include="Src\Opt_Output.h">
      <Filter>Header Files</Filter>
    </ClInclude>
    <ClInclude Include="Src\OptDlg.h">
      <Filter>Header Files</Filter>
    </ClInclude>
    <ClInclude Include="Src\Optimization.h">
      <Filter>Header Files</Filter>
    </ClInclude>
    <ClInclude Include="Src\OutputTimeDlg.h">
      <Filter>Header Files</Filter>
    </ClInclude>
    <ClInclude Include="Src\OV Grid DLL.h">
      <Filter>Header Files</Filter>
    </ClInclude>
    <ClInclude Include="Src\OV Grid DLLDlg.h">
      <Filter>Header Files</Filter>
    </ClInclude>
    <ClInclude Include="Src\ProgressBar.h">
      <Filter>Header Files</Filter>
    </ClInclude>
    <ClInclude Include="Src\PropPage1.h">
      <Filter>Header Files</Filter>
    </ClInclude>
    <ClInclude Include="Src\PropPage2.h">
      <Filter>Header Files</Filter>
    </ClInclude>
    <ClInclude Include="Src\PropPage3.h">
      <Filter>Header Files</Filter>
    </ClInclude>
    <ClInclude Include="Src\PropPage4.h">
      <Filter>Header Files</Filter>
    </ClInclude>
    <ClInclude Include="Src\PropPage5.h">
      <Filter>Header Files</Filter>
    </ClInclude>
    <ClInclude Include="Src\PropPage7.h">
      <Filter>Header Files</Filter>
    </ClInclude>
    <ClInclude Include="Src\PSOParallel.h">
      <Filter>Header Files</Filter>
    </ClInclude>
    <ClInclude Include="Src\random.h">
      <Filter>Header Files</Filter>
    </ClInclude>
    <ClInclude Include="Src\resource.h">
      <Filter>Header Files</Filter>
    </ClInclude>
    <ClInclude Include="Src\ReturnableComboBox.h">
      <Filter>Header Files</Filter>
    </ClInclude>
    <ClInclude Include="Src\ReturnableEdit.h">
      <Filter>Header Files</Filter>
    </ClInclude>
    <ClInclude Include="Src\RFLayer.h">
      <Filter>Header Files</Filter>
    </ClInclude>
    <ClInclude Include="Src\Schedule.h">
      <Filter>Header Files</Filter>
    </ClInclude>
    <ClInclude Include="Src\Sheet.h">
      <Filter>Header Files</Filter>
    </ClInclude>
    <ClInclude Include="Src\Sim_Running_Dlg.h">
      <Filter>Header Files</Filter>
    </ClInclude>
    <ClInclude Include="Src\StageDlg.h">
      <Filter>Header Files</Filter>
    </ClInclude>
    <ClInclude Include="Src\StdAfx.h">
      <Filter>Header Files</Filter>
    </ClInclude>
    <ClInclude Include="Src\TableGrid.h">
      <Filter>Header Files</Filter>
    </ClInclude>
    <ClInclude Include="Src\TempDlg.h">
      <Filter>Header Files</Filter>
    </ClInclude>
    <ClInclude Include="Src\testgrid.h">
      <Filter>Header Files</Filter>
    </ClInclude>
    <ClInclude Include="Src\Treatment.h">
      <Filter>Header Files</Filter>
    </ClInclude>
    <ClInclude Include="Src\ViscoDlg.h">
      <Filter>Header Files</Filter>
    </ClInclude>
    <ClInclude Include="resource.h">
      <Filter>Header Files</Filter>
    </ClInclude>
  </ItemGroup>
  <ItemGroup>
    <ClCompile Include="Src\AnaliticalLinear.cpp">
      <Filter>Source Files</Filter>
    </ClCompile>
    <ClCompile Include="Src\AutoBoxDlg.cpp">
      <Filter>Source Files</Filter>
    </ClCompile>
    <ClCompile Include="Src\Basic2Phase.cpp">
      <Filter>Source Files</Filter>
    </ClCompile>
    <ClCompile Include="Src\BasicDlg.cpp">
      <Filter>Source Files</Filter>
    </ClCompile>
    <ClCompile Include="Src\BitmapEx.cpp">
      <Filter>Source Files</Filter>
    </ClCompile>
    <ClCompile Include="Src\BlockerDlg.cpp">
      <Filter>Source Files</Filter>
    </ClCompile>
    <ClCompile Include="Src\CaNaDlg.cpp">
      <Filter>Source Files</Filter>
    </ClCompile>
    <ClCompile Include="Src\CGraphLine.cpp">
      <Filter>Source Files</Filter>
    </ClCompile>
    <ClCompile Include="Src\CheckListBoxGraphs.cpp">
      <Filter>Source Files</Filter>
    </ClCompile>
    <ClCompile Include="Src\DiaEdgeConc.cpp">
      <Filter>Source Files</Filter>
    </ClCompile>
    <ClCompile Include="Src\Dlg_Optimisation.cpp">
      <Filter>Source Files</Filter>
    </ClCompile>
    <ClCompile Include="Src\DlgWarning.cpp">
      <Filter>Source Files</Filter>
    </ClCompile>
    <ClCompile Include="Src\EditSingleGrid.cpp">
      <Filter>Source Files</Filter>
    </ClCompile>
    <ClCompile Include="Src\FileNotOPenDlg.cpp">
      <Filter>Source Files</Filter>
    </ClCompile>
    <ClCompile Include="Src\GraphCtrl.cpp">
      <Filter>Source Files</Filter>
    </ClCompile>
    <ClCompile Include="Src\Graphics.cpp">
      <Filter>Source Files</Filter>
    </ClCompile>
    <ClCompile Include="Src\GraphicsBlock.cpp">
      <Filter>Source Files</Filter>
    </ClCompile>
    <ClCompile Include="Src\GraphParamDlg.cpp">
      <Filter>Source Files</Filter>
    </ClCompile>
    <ClCompile Include="Src\GraphXY.cpp">
      <Filter>Source Files</Filter>
    </ClCompile>
    <ClCompile Include="Src\Iso_Par_Dlg.cpp">
      <Filter>Source Files</Filter>
    </ClCompile>
    <ClCompile Include="Src\IsoMatchParDlg.cpp">
      <Filter>Source Files</Filter>
    </ClCompile>
    <ClCompile Include="Src\Isotherm.cpp">
      <Filter>Source Files</Filter>
    </ClCompile>
    <ClCompile Include="Src\IsothermDerivationGraph.cpp">
      <Filter>Source Files</Filter>
    </ClCompile>
    <ClCompile Include="Src\IsoThermFittingDlg.cpp">
      <Filter>Source Files</Filter>
    </ClCompile>
    <ClCompile Include="Src\JobsPool.cpp">
      <Filter>Source Files</Filter>
    </ClCompile>
    <ClCompile Include="Src\Model.cpp">
      <Filter>Source Files</Filter>
    </ClCompile>
    <ClCompile Include="Src\MutSolvDlg.cpp">
      <Filter>Source Files</Filter>
    </ClCompile>
    <ClCompile Include="Src\Opt_Output.cpp">
      <Filter>Source Files</Filter>
    </ClCompile>
    <ClCompile Include="Src\OptDlg.cpp">
      <Filter>Source Files</Filter>
    </ClCompile>
    <ClCompile Include="Src\Optimization.cpp">
      <Filter>Source Files</Filter>
    </ClCompile>
    <ClCompile Include="Src\OutputTimeDlg.cpp">
      <Filter>Source Files</Filter>
    </ClCompile>
    <ClCompile Include="Src\OV Grid DLL.cpp">
      <Filter>Source Files</Filter>
    </ClCompile>
    <ClCompile Include="Src\ProgressBar.cpp">
      <Filter>Source Files</Filter>
    </ClCompile>
    <ClCompile Include="Src\PropPage1.cpp">
      <Filter>Source Files</Filter>
    </ClCompile>
    <ClCompile Include="Src\PropPage2.cpp">
      <Filter>Source Files</Filter>
    </ClCompile>
    <ClCompile Include="Src\PropPage3.cpp">
      <Filter>Source Files</Filter>
    </ClCompile>
    <ClCompile Include="Src\PropPage4.cpp">
      <Filter>Source Files</Filter>
    </ClCompile>
    <ClCompile Include="Src\PropPage5.cpp">
      <Filter>Source Files</Filter>
    </ClCompile>
    <ClCompile Include="Src\PropPage7.cpp">
      <Filter>Source Files</Filter>
    </ClCompile>
    <ClCompile Include="Src\PSOParallel.cpp">
      <Filter>Source Files</Filter>
    </ClCompile>
    <ClCompile Include="Src\ReturnableComboBox.cpp">
      <Filter>Source Files</Filter>
    </ClCompile>
    <ClCompile Include="Src\ReturnableEdit.cpp">
      <Filter>Source Files</Filter>
    </ClCompile>
    <ClCompile Include="Src\RFLayer.cpp">
      <Filter>Source Files</Filter>
    </ClCompile>
    <ClCompile Include="Src\Schedule.cpp">
      <Filter>Source Files</Filter>
    </ClCompile>
    <ClCompile Include="Src\Sheet.cpp">
      <Filter>Source Files</Filter>
    </ClCompile>
    <ClCompile Include="Src\Sim_Running_Dlg.cpp">
      <Filter>Source Files</Filter>
    </ClCompile>
    <ClCompile Include="Src\StageDlg.cpp">
      <Filter>Source Files</Filter>
    </ClCompile>
    <ClCompile Include="Src\StdAfx.cpp">
      <Filter>Source Files</Filter>
    </ClCompile>
    <ClCompile Include="Src\TableGrid.cpp">
      <Filter>Source Files</Filter>
    </ClCompile>
    <ClCompile Include="Src\TempDlg.cpp">
      <Filter>Source Files</Filter>
    </ClCompile>
    <ClCompile Include="Src\testgrid.cpp">
      <Filter>Source Files</Filter>
    </ClCompile>
    <ClCompile Include="Src\Treatment.cpp">
      <Filter>Source Files</Filter>
    </ClCompile>
    <ClCompile Include="Src\ViscoDlg.cpp">
      <Filter>Source Files</Filter>
    </ClCompile>
  </ItemGroup>
  <ItemGroup>
    <ResourceCompile Include="OV Grid DLL.rc">
      <Filter>Source Files</Filter>
    </ResourceCompile>
  </ItemGroup>
</Project>